
Microsoft Visual Studio Solution File, Format Version 12.00
# Visual Studio 15
Project("{FAE04EC0-301F-11D3-BF4B-00C04F79EFBC}") = "Assembly-CSharp", "Assembly-CSharp.csproj", "{CC481FCE-ED3A-CBAB-51CE-B8204ABE870D}"
EndProject
Project("{FAE04EC0-301F-11D3-BF4B-00C04F79EFBC}") = "Assembly-CSharp-firstpass", "Assembly-CSharp-firstpass.csproj", "{9124B39C-C007-48B5-2F54-8A79A944F357}"
EndProject
Project("{FAE04EC0-301F-11D3-BF4B-00C04F79EFBC}") = "Assembly-CSharp-Editor-firstpass", "Assembly-CSharp-Editor-firstpass.csproj", "{7F7BF2AB-6C8F-67C5-226F-B4D20C399BF8}"
EndProject
Global
	GlobalSection(SolutionConfigurationPlatforms) = preSolution
		Debug|Any CPU = Debug|Any CPU
		Release|Any CPU = Release|Any CPU
	EndGlobalSection
	GlobalSection(ProjectConfigurationPlatforms) = postSolution
		{CC481FCE-ED3A-CBAB-51CE-B8204ABE870D}.Debug|Any CPU.ActiveCfg = Debug|Any CPU
		{CC481FCE-ED3A-CBAB-51CE-B8204ABE870D}.Debug|Any CPU.Build.0 = Debug|Any CPU
		{CC481FCE-ED3A-CBAB-51CE-B8204ABE870D}.Release|Any CPU.ActiveCfg = Release|Any CPU
		{CC481FCE-ED3A-CBAB-51CE-B8204ABE870D}.Release|Any CPU.Build.0 = Release|Any CPU
		{9124B39C-C007-48B5-2F54-8A79A944F357}.Debug|Any CPU.ActiveCfg = Debug|Any CPU
		{9124B39C-C007-48B5-2F54-8A79A944F357}.Debug|Any CPU.Build.0 = Debug|Any CPU
		{9124B39C-C007-48B5-2F54-8A79A944F357}.Release|Any CPU.ActiveCfg = Release|Any CPU
		{9124B39C-C007-48B5-2F54-8A79A944F357}.Release|Any CPU.Build.0 = Release|Any CPU
		{7F7BF2AB-6C8F-67C5-226F-B4D20C399BF8}.Debug|Any CPU.ActiveCfg = Debug|Any CPU
		{7F7BF2AB-6C8F-67C5-226F-B4D20C399BF8}.Debug|Any CPU.Build.0 = Debug|Any CPU
		{7F7BF2AB-6C8F-67C5-226F-B4D20C399BF8}.Release|Any CPU.ActiveCfg = Release|Any CPU
		{7F7BF2AB-6C8F-67C5-226F-B4D20C399BF8}.Release|Any CPU.Build.0 = Release|Any CPU
	EndGlobalSection
	GlobalSection(SolutionProperties) = preSolution
		HideSolutionNode = FALSE
	EndGlobalSection
EndGlobal
